{
  "name": "vulnerable-test-app",
  "version": "1.0.0",
  "lockfileVersion": 3,
  "requires": true,
  "packages": {
    "": {
      "name": "vulnerable-test-app",
      "version": "1.0.0",
      "license": "MIT",
      "dependencies": {
        "axios": "1.8.2",
        "bcrypt": "5.0.0",
        "dotenv": "8.2.0",
        "express": "4.20.0",
        "jsonwebtoken": "9.0.0",
        "lodash": "4.17.23",
        "moment": "2.29.4",
        "mongoose": "6.13.6",
        "mysql": "2.18.1",
        "validator": "13.15.22",
        "xml2js": "0.5.0"
      },
      "devDependencies": {
        "nodemon": "1.19.4"
      }
    },
    "node_modules/@aws-crypto/sha256-browser": {
      "version": "5.2.0",
      "resolved": "https://registry.npmjs.org/@aws-crypto/sha256-browser/-/sha256-browser-5.2.0.tgz",
      "integrity": "sha512-AXfN/lGotSQwu6HNcEsIASo7kWXZ5HYWvfOmSNKDsEqC4OashTp8alTmaz+F7TC2L083SFv5RdB+qU3Vs1kZqw==",
      "license": "Apache-2.0",
      "optional": true,
      "dependencies": {
        "@aws-crypto/sha256-js": "^5.2.0",
        "@aws-crypto/supports-web-crypto": "^5.2.0",
        "@aws-crypto/util": "^5.2.0",
        "@aws-sdk/types": "^3.222.0",
        "@aws-sdk/util-locate-window": "^3.0.0",
        "@smithy/util-utf8": "^2.0.0",
        "tslib": "^2.6.2"
      }
    },
    "node_modules/@aws-crypto/sha256-browser/node_modules/@smithy/is-array-buffer": {
      "version": "2.2.0",
      "resolved": "https://registry.npmjs.org/@smithy/is-array-buffer/-/is-array-buffer-2.2.0.tgz",
      "integrity": "sha512-GGP3O9QFD24uGeAXYUjwSTXARoqpZykHadOmA8G5vfJPK0/DC67qa//0qvqrJzL1xc8WQWX7/yc7fwudjPHPhA==",
      "license": "Apache-2.0",
      "optional": true,
      "dependencies": {
        "tslib": "^2.6.2"
      },
      "engines": {
        "node": ">=14.0.0"
      }
    },
    "node_modules/@aws-crypto/sha256-browser/node_modules/@smithy/util-buffer-from": {
      "version": "2.2.0",
      "resolved": "https://registry.npmjs.org/@smithy/util-buffer-from/-/util-buffer-from-2.2.0.tgz",
      "integrity": "sha512-IJdWBbTcMQ6DA0gdNhh/BwrLkDR+ADW5Kr1aZmd4k3DIF6ezMV4R2NIAmT08wQJ3yUK82thHWmC/TnK/wpMMIA==",
      "license": "Apache-2.0",
      "optional": true,
      "dependencies": {
        "@smithy/is-array-buffer": "^2.2.0",
        "tslib": "^2.6.2"
      },
      "engines": {
        "node": ">=14.0.0"
      }
    },
    "node_modules/@aws-crypto/sha256-browser/node_modules/@smithy/util-utf8": {
      "version": "2.3.0",
      "resolved": "https://registry.npmjs.org/@smithy/util-utf8/-/util-utf8-2.3.0.tgz",
      "integrity": "sha512-R8Rdn8Hy72KKcebgLiv8jQcQkXoLMOGGv5uI1/k0l+snqkOzQ1R0ChUBCxWMlBsFMekWjq0wRudIweFs7sKT5A==",
      "license": "Apache-2.0",
      "optional": true,
      "dependencies": {
        "@smithy/util-buffer-from": "^2.2.0",
        "tslib": "^2.6.2"
      },
      "engines": {
        "node": ">=14.0.0"
      }
    },
    "node_modules/@aws-crypto/sha256-js": {
      "version": "5.2.0",
      "resolved": "https://registry.npmjs.org/@aws-crypto/sha256-js/-/sha256-js-5.2.0.tgz",
      "integrity": "sha512-FFQQyu7edu4ufvIZ+OadFpHHOt+eSTBaYaki44c+akjg7qZg9oOQeLlk77F6tSYqjDAFClrHJk9tMf0HdVyOvA==",
      "license": "Apache-2.0",
      "optional": true,
      "dependencies": {
        "@aws-crypto/util": "^5.2.0",
        "@aws-sdk/types": "^3.222.0",
        "tslib": "^2.6.2"
      },
      "engines": {
        "node": ">=16.0.0"
      }
    },
    "node_modules/@aws-crypto/supports-web-crypto": {
      "version": "5.2.0",
      "resolved": "https://registry.npmjs.org/@aws-crypto/supports-web-crypto/-/supports-web-crypto-5.2.0.tgz",
      "integrity": "sha512-iAvUotm021kM33eCdNfwIN//F77/IADDSs58i+MDaOqFrVjZo9bAal0NK7HurRuWLLpF1iLX7gbWrjHjeo+YFg==",
      "license": "Apache-2.0",
      "optional": true,
      "dependencies": {
        "tslib": "^2.6.2"
      }
    },
    "node_modules/@aws-crypto/util": {
      "version": "5.2.0",
      "resolved": "https://registry.npmjs.org/@aws-crypto/util/-/util-5.2.0.tgz",
      "integrity": "sha512-4RkU9EsI6ZpBve5fseQlGNUWKMa1RLPQ1dnjnQoe07ldfIzcsGb5hC5W0Dm7u423KWzawlrpbjXBrXCEv9zazQ==",
      "license": "Apache-2.0",
      "optional": true,
      "dependencies": {
        "@aws-sdk/types": "^3.222.0",
        "@smithy/util-utf8": "^2.0.0",
        "tslib": "^2.6.2"
      }
    },
    "node_modules/@aws-crypto/util/node_modules/@smithy/is-array-buffer": {
      "version": "2.2.0",
      "resolved": "https://registry.npmjs.org/@smithy/is-array-buffer/-/is-array-buffer-2.2.0.tgz",
      "integrity": "sha512-GGP3O9QFD24uGeAXYUjwSTXARoqpZykHadOmA8G5vfJPK0/DC67qa//0qvqrJzL1xc8WQWX7/yc7fwudjPHPhA==",
      "license": "Apache-2.0",
      "optional": true,
      "dependencies": {
        "tslib": "^2.6.2"
      },
      "engines": {
        "node": ">=14.0.0"
      }
    },
    "node_modules/@aws-crypto/util/node_modules/@smithy/util-buffer-from": {
      "version": "2.2.0",
      "resolved": "https://registry.npmjs.org/@smithy/util-buffer-from/-/util-buffer-from-2.2.0.tgz",
      "integrity": "sha512-IJdWBbTcMQ6DA0gdNhh/BwrLkDR+ADW5Kr1aZmd4k3DIF6ezMV4R2NIAmT08wQJ3yUK82thHWmC/TnK/wpMMIA==",
      "license": "Apache-2.0",
      "optional": true,
      "dependencies": {
        "@smithy/is-array-buffer": "^2.2.0",
        "tslib": "^2.6.2"
      },
      "engines": {
        "node": ">=14.0.0"
      }
    },
    "node_modules/@aws-crypto/util/node_modules/@smithy/util-utf8": {
      "version": "2.3.0",
      "resolved": "https://registry.npmjs.org/@smithy/util-utf8/-/util-utf8-2.3.0.tgz",
      "integrity": "sha512-R8Rdn8Hy72KKcebgLiv8jQcQkXoLMOGGv5uI1/k0l+snqkOzQ1R0ChUBCxWMlBsFMekWjq0wRudIweFs7sKT5A==",
      "license": "Apache-2.0",
      "optional": true,
      "dependencies": {
        "@smithy/util-buffer-from": "^2.2.0",
        "tslib": "^2.6.2"
      },
      "engines": {
        "node": ">=14.0.0"
      }
    },
    "node_modules/@aws-sdk/client-cognito-identity": {
      "version": "3.1014.0",
      "resolved": "https://registry.npmjs.org/@aws-sdk/client-cognito-identity/-/client-cognito-identity-3.1014.0.tgz",
      "integrity": "sha512-NvNThzNvdKigwy9gNQnipeefydZ1HGU1kReXl5FPMxclzNgYB0IzwmJSW0mXICdd7PWARUblcfz72LeoOyXs0A==",
      "license": "Apache-2.0",
      "optional": true,
      "dependencies": {
        "@aws-crypto/sha256-browser": "5.2.0",
        "@aws-crypto/sha256-js": "5.2.0",
        "@aws-sdk/core": "^3.973.23",
        "@aws-sdk/credential-provider-node": "^3.972.24",
        "@aws-sdk/middleware-host-header": "^3.972.8",
        "@aws-sdk/middleware-logger": "^3.972.8",
        "@aws-sdk/middleware-recursion-detection": "^3.972.8",
        "@aws-sdk/middleware-user-agent": "^3.972.24",
        "@aws-sdk/region-config-resolver": "^3.972.9",
        "@aws-sdk/types": "^3.973.6",
        "@aws-sdk/util-endpoints": "^3.996.5",
        "@aws-sdk/util-user-agent-browser": "^3.972.8",
        "@aws-sdk/util-user-agent-node": "^3.973.10",
        "@smithy/config-resolver": "^4.4.13",
        "@smithy/core": "^3.23.12",
        "@smithy/fetch-http-handler": "^5.3.15",
        "@smithy/hash-node": "^4.2.12",
        "@smithy/invalid-dependency": "^4.2.12",
        "@smithy/middleware-content-length": "^4.2.12",
        "@smithy/middleware-endpoint": "^4.4.27",
        "@smithy/middleware-retry": "^4.4.44",
        "@smithy/middleware-serde": "^4.2.15",
        "@smithy/middleware-stack": "^4.2.12",
        "@smithy/node-config-provider": "^4.3.12",
        "@smithy/node-http-handler": "^4.5.0",
        "@smithy/protocol-http": "^5.3.12",
        "@smithy/smithy-client": "^4.12.7",
        "@smithy/types": "^4.13.1",
        "@smithy/url-parser": "^4.2.12",
        "@smithy/util-base64": "^4.3.2",
        "@smithy/util-body-length-browser": "^4.2.2",
        "@smithy/util-body-length-node": "^4.2.3",
        "@smithy/util-defaults-mode-browser": "^4.3.43",
        "@smithy/util-defaults-mode-node": "^4.2.47",
        "@smithy/util-endpoints": "^3.3.3",
        "@smithy/util-middleware": "^4.2.12",
        "@smithy/util-retry": "^4.2.12",
        "@smithy/util-utf8": "^4.2.2",
        "tslib": "^2.6.2"
      },
      "engines": {
        "node": ">=20.0.0"
      }
    },
    "node_modules/@aws-sdk/core": {
      "version": "3.973.23",
      "resolved": "https://registry.npmjs.org/@aws-sdk/core/-/core-3.973.23.tgz",
      "integrity": "sha512-aoJncvD1XvloZ9JLnKqTRL9dBy+Szkryoag9VT+V1TqsuUgIxV9cnBVM/hrDi2vE8bDqLiDR8nirdRcCdtJu0w==",
      "license": "Apache-2.0",
      "optional": true,
      "dependencies": {
        "@aws-sdk/types": "^3.973.6",
        "@aws-sdk/xml-builder": "^3.972.15",
        "@smithy/core": "^3.23.12",
        "@smithy/node-config-provider": "^4.3.12",
        "@smithy/property-provider": "^4.2.12",
        "@smithy/protocol-http": "^5.3.12",
        "@smithy/signature-v4": "^5.3.12",
        "@smithy/smithy-client": "^4.12.7",
        "@smithy/types": "^4.13.1",
        "@smithy/util-base64": "^4.3.2",
        "@smithy/util-middleware": "^4.2.12",
        "@smithy/util-utf8": "^4.2.2",
        "tslib": "^2.6.2"
      },
      "engines": {
        "node": ">=20.0.0"
      }
    },
    "node_modules/@aws-sdk/credential-provider-cognito-identity": {
      "version": "3.972.16",
      "resolved": "https://registry.npmjs.org/@aws-sdk/credential-provider-cognito-identity/-/credential-provider-cognito-identity-3.972.16.tgz",
      "integrity": "sha512-WLdg4ErAu1Zkf9uPKQFC+UryHjaLTXji5SyBF3pTtqbbYOQHIfmf9Gsvn5zFol1T4SOWE4nDc8entfBAkAVHYQ==",
      "license": "Apache-2.0",
      "optional": true,
      "dependencies": {
        "@aws-sdk/nested-clients": "^3.996.13",
        "@aws-sdk/types": "^3.973.6",
        "@smithy/property-provider": "^4.2.12",
        "@smithy/types": "^4.13.1",
        "tslib": "^2.6.2"
      },
      "engines": {
        "node": ">=20.0.0"
      }
    },
    "node_modules/@aws-sdk/credential-provider-env": {
      "version": "3.972.21",
      "resolved": "https://registry.npmjs.org/@aws-sdk/credential-provider-env/-/credential-provider-env-3.972.21.tgz",
      "integrity": "sha512-BkAfKq8Bd4shCtec1usNz//urPJF/SZy14qJyxkSaRJQ/Vv1gVh0VZSTmS7aE6aLMELkFV5wHHrS9ZcdG8Kxsg==",
      "license": "Apache-2.0",
      "optional": true,
      "dependencies": {
        "@aws-sdk/core": "^3.973.23",
        "@aws-sdk/types": "^3.973.6",
        "@smithy/property-provider": "^4.2.12",
        "@smithy/types": "^4.13.1",
        "tslib": "^2.6.2"
      },
      "engines": {
        "node": ">=20.0.0"
      }
    },
    "node_modules/@aws-sdk/credential-provider-http": {
      "version": "3.972.23",
      "resolved": "https://registry.npmjs.org/@aws-sdk/credential-provider-http/-/credential-provider-http-3.972.23.tgz",
      "integrity": "sha512-4XZ3+Gu5DY8/n8zQFHBgcKTF7hWQl42G6CY9xfXVo2d25FM/lYkpmuzhYopYoPL1ITWkJ2OSBQfYEu5JRfHOhA==",
      "license": "Apache-2.0",
      "optional": true,
      "dependencies": {
        "@aws-sdk/core": "^3.973.23",
        "@aws-sdk/types": "^3.973.6",
        "@smithy/fetch-http-handler": "^5.3.15",
        "@smithy/node-http-handler": "^4.5.0",
        "@smithy/property-provider": "^4.2.12",
        "@smithy/protocol-http": "^5.3.12",
        "@smithy/smithy-client": "^4.12.7",
        "@smithy/types": "^4.13.1",
        "@smithy/util-stream": "^4.5.20",
        "tslib": "^2.6.2"
      },
      "engines": {
        "node": ">=20.0.0"
      }
    },
    "node_modules/@aws-sdk/credential-provider-ini": {
      "version": "3.972.23",
      "resolved": "https://registry.npmjs.org/@aws-sdk/credential-provider-ini/-/credential-provider-ini-3.972.23.tgz",
      "integrity": "sha512-PZLSmU0JFpNCDFReidBezsgL5ji9jOBry8CnZdw4Jj6d0K2z3Ftnp44NXgADqYx5BLMu/ZHujfeJReaDoV+IwQ==",
      "license": "Apache-2.0",
      "optional": true,
      "dependencies": {
        "@aws-sdk/core": "^3.973.23",
        "@aws-sdk/credential-provider-env": "^3.972.21",
        "@aws-sdk/credential-provider-http": "^3.972.23",
        "@aws-sdk/credential-provider-login": "^3.972.23",
        "@aws-sdk/credential-provider-process": "^3.972.21",
        "@aws-sdk/credential-provider-sso": "^3.972.23",
        "@aws-sdk/credential-provider-web-identity": "^3.972.23",
        "@aws-sdk/nested-clients": "^3.996.13",
        "@aws-sdk/types": "^3.973.6",
        "@smithy/credential-provider-imds": "^4.2.12",
        "@smithy/property-provider": "^4.2.12",
        "@smithy/shared-ini-file-loader": "^4.4.7",
        "@smithy/types": "^4.13.1",
        "tslib": "^2.6.2"
      },
      "engines": {
        "node": ">=20.0.0"
      }
    },
    "node_modules/@aws-sdk/credential-provider-login": {
      "version": "3.972.23",
      "resolved": "https://registry.npmjs.org/@aws-sdk/credential-provider-login/-/credential-provider-login-3.972.23.tgz",
      "integrity": "sha512-OmE/pSkbMM3dCj1HdOnZ5kXnKK+R/Yz+kbBugraBecp0pGAs21eEURfQRz+1N2gzIHLVyGIP1MEjk/uSrFsngg==",
      "license": "Apache-2.0",
      "optional": true,
      "dependencies": {
        "@aws-sdk/core": "^3.973.23",
        "@aws-sdk/nested-clients": "^3.996.13",
        "@aws-sdk/types": "^3.973.6",
        "@smithy/property-provider": "^4.2.12",
        "@smithy/protocol-http": "^5.3.12",
        "@smithy/shared-ini-file-loader": "^4.4.7",
        "@smithy/types": "^4.13.1",
        "tslib": "^2.6.2"
      },
      "engines": {
        "node": ">=20.0.0"
      }
    },
    "node_modules/@aws-sdk/credential-provider-node": {
      "version": "3.972.24",
      "resolved": "https://registry.npmjs.org/@aws-sdk/credential-provider-node/-/credential-provider-node-3.972.24.tgz",
      "integrity": "sha512-9Jwi7aps3AfUicJyF5udYadPypPpCwUZ6BSKr/QjRbVCpRVS1wc+1Q6AEZ/qz8J4JraeRd247pSzyMQSIHVebw==",
      "license": "Apache-2.0",
      "optional": true,
      "dependencies": {
        "@aws-sdk/credential-provider-env": "^3.972.21",
        "@aws-sdk/credential-provider-http": "^3.972.23",
        "@aws-sdk/credential-provider-ini": "^3.972.23",
        "@aws-sdk/credential-provider-process": "^3.972.21",
        "@aws-sdk/credential-provider-sso": "^3.972.23",
        "@aws-sdk/credential-provider-web-identity": "^3.972.23",
        "@aws-sdk/types": "^3.973.6",
        "@smithy/credential-provider-imds": "^4.2.12",
        "@smithy/property-provider": "^4.2.12",
        "@smithy/shared-ini-file-loader": "^4.4.7",
        "@smithy/types": "^4.13.1",
        "tslib": "^2.6.2"
      },
      "engines": {
        "node": ">=20.0.0"
      }
    },
    "node_modules/@aws-sdk/credential-provider-process": {
      "version": "3.972.21",
      "resolved": "https://registry.npmjs.org/@aws-sdk/credential-provider-process/-/credential-provider-process-3.972.21.tgz",
      "integrity": "sha512-nRxbeOJ1E1gVA0lNQezuMVndx+ZcuyaW/RB05pUsznN5BxykSlH6KkZ/7Ca/ubJf3i5N3p0gwNO5zgPSCzj+ww==",
      "license": "Apache-2.0",
      "optional": true,
      "dependencies": {
        "@aws-sdk/core": "^3.973.23",
        "@aws-sdk/types": "^3.973.6",
        "@smithy/property-provider": "^4.2.12",
        "@smithy/shared-ini-file-loader": "^4.4.7",
        "@smithy/types": "^4.13.1",
        "tslib": "^2.6.2"
      },
      "engines": {
        "node": ">=20.0.0"
      }
    },
    "node_modules/@aws-sdk/credential-provider-sso": {
      "version": "3.972.23",
      "resolved": "https://registry.npmjs.org/@aws-sdk/credential-provider-sso/-/credential-provider-sso-3.972.23.tgz",
      "integrity": "sha512-APUccADuYPLL0f2htpM8Z4czabSmHOdo4r41W6lKEZdy++cNJ42Radqy6x4TopENzr3hR6WYMyhiuiqtbf/nAA==",
      "license": "Apache-2.0",
      "optional": true,
      "dependencies": {
        "@aws-sdk/core": "^3.973.23",
        "@aws-sdk/nested-clients": "^3.996.13",
        "@aws-sdk/token-providers": "3.1014.0",
        "@aws-sdk/types": "^3.973.6",
        "@smithy/property-provider": "^4.2.12",
        "@smithy/shared-ini-file-loader": "^4.4.7",
        "@smithy/types": "^4.13.1",
        "tslib": "^2.6.2"
      },
      "engines": {
        "node": ">=20.0.0"
      }
    },
    "node_modules/@aws-sdk/credential-provider-web-identity": {
      "version": "3.972.23",
      "resolved": "https://registry.npmjs.org/@aws-sdk/credential-provider-web-identity/-/credential-provider-web-identity-3.972.23.tgz",
      "integrity": "sha512-H5JNqtIwOu/feInmMMWcK0dL5r897ReEn7n2m16Dd0DPD9gA2Hg8Cq4UDzZ/9OzaLh/uqBM6seixz0U6Fi2Eag==",
      "license": "Apache-2.0",
      "optional": true,
      "dependencies": {
        "@aws-sdk/core": "^3.973.23",
        "@aws-sdk/nested-clients": "^3.996.13",
        "@aws-sdk/types": "^3.973.6",
        "@smithy/property-provider": "^4.2.12",
        "@smithy/shared-ini-file-loader": "^4.4.7",
        "@smithy/types": "^4.13.1",
        "tslib": "^2.6.2"
      },
      "engines": {
        "node": ">=20.0.0"
      }
    },
    "node_modules/@aws-sdk/credential-providers": {
      "version": "3.1014.0",
      "resolved": "https://registry.npmjs.org/@aws-sdk/credential-providers/-/credential-providers-3.1014.0.tgz",
      "integrity": "sha512-2GM4JBB08RTwHPEVa9+AE+Q3mtyZyv+XS93rdlw5o/Emfu0nseDU6I72cbmKXcMnHXYEN+DdxEF/RvfnB0/GXw==",
      "license": "Apache-2.0",
      "optional": true,
      "dependencies": {
        "@aws-sdk/client-cognito-identity": "3.1014.0",
        "@aws-sdk/core": "^3.973.23",
        "@aws-sdk/credential-provider-cognito-identity": "^3.972.16",
        "@aws-sdk/credential-provider-env": "^3.972.21",
        "@aws-sdk/credential-provider-http": "^3.972.23",
        "@aws-sdk/credential-provider-ini": "^3.972.23",
        "@aws-sdk/credential-provider-login": "^3.972.23",
        "@aws-sdk/credential-provider-node": "^3.972.24",
        "@aws-sdk/credential-provider-process": "^3.972.21",
        "@aws-sdk/credential-provider-sso": "^3.972.23",
        "@aws-sdk/credential-provider-web-identity": "^3.972.23",
        "@aws-sdk/nested-clients": "^3.996.13",
        "@aws-sdk/types": "^3.973.6",
        "@smithy/config-resolver": "^4.4.13",
        "@smithy/core": "^3.23.12",
        "@smithy/credential-provider-imds": "^4.2.12",
        "@smithy/node-config-provider": "^4.3.12",
        "@smithy/property-provider": "^4.2.12",
        "@smithy/types": "^4.13.1",
        "tslib": "^2.6.2"
      },
      "engines": {
        "node": ">=20.0.0"
      }
    },
    "node_modules/@aws-sdk/middleware-host-header": {
      "version": "3.972.8",
      "resolved": "https://registry.npmjs.org/@aws-sdk/middleware-host-header/-/middleware-host-header-3.972.8.tgz",
      "integrity": "sha512-wAr2REfKsqoKQ+OkNqvOShnBoh+nkPurDKW7uAeVSu6kUECnWlSJiPvnoqxGlfousEY/v9LfS9sNc46hjSYDIQ==",
      "license": "Apache-2.0",
      "optional": true,
      "dependencies": {
        "@aws-sdk/types": "^3.973.6",
        "@smithy/protocol-http": "^5.3.12",
        "@smithy/types": "^4.13.1",
        "tslib": "^2.6.2"
      },
      "engines": {
        "node": ">=20.0.0"
      }
    },
    "node_modules/@aws-sdk/middleware-logger": {
      "version": "3.972.8",
      "resolved": "https://registry.npmjs.org/@aws-sdk/middleware-logger/-/middleware-logger-3.972.8.tgz",
      "integrity": "sha512-CWl5UCM57WUFaFi5kB7IBY1UmOeLvNZAZ2/OZ5l20ldiJ3TiIz1pC65gYj8X0BCPWkeR1E32mpsCk1L1I4n+lA==",
      "license": "Apache-2.0",
      "optional": true,
      "dependencies": {
        "@aws-sdk/types": "^3.973.6",
        "@smithy/types": "^4.13.1",
        "tslib": "^2.6.2"
      },
      "engines": {
        "node": ">=20.0.0"
      }
    },
    "node_modules/@aws-sdk/middleware-recursion-detection": {
      "version": "3.972.8",
      "resolved": "https://registry.npmjs.org/@aws-sdk/middleware-recursion-detection/-/middleware-recursion-detection-3.972.8.tgz",
      "integrity": "sha512-BnnvYs2ZEpdlmZ2PNlV2ZyQ8j8AEkMTjN79y/YA475ER1ByFYrkVR85qmhni8oeTaJcDqbx364wDpitDAA/wCA==",
      "license": "Apache-2.0",
      "optional": true,
      "dependencies": {
        "@aws-sdk/types": "^3.973.6",
        "@aws/lambda-invoke-store": "^0.2.2",
        "@smithy/protocol-http": "^5.3.12",
        "@smithy/types": "^4.13.1",

--- TRUNCATED: bytes 0–19994 of 219563 (214KB total). Call read_file('package-lock.json', offset=19994) to continue. ---